// !$*UTF8*$!
{
	archiveVersion = 1;
	classes = {
	};
	objectVersion = 55;
	objects = {

/* Begin PBXBuildFile section */
		D9EC0C37272E1F730042FD98 /* AppDelegate.swift in Sources */ = {isa = PBXBuildFile; fileRef = D9EC0C36272E1F730042FD98 /* AppDelegate.swift */; };
		D9EC0C39272E1F730042FD98 /* SceneDelegate.swift in Sources */ = {isa = PBXBuildFile; fileRef = D9EC0C38272E1F730042FD98 /* SceneDelegate.swift */; };
		D9EC0C3B272E1F730042FD98 /* ViewController.swift in Sources */ = {isa = PBXBuildFile; fileRef = D9EC0C3A272E1F730042FD98 /* ViewController.swift */; };
		D9EC0C3E272E1F730042FD98 /* Main.storyboard in Resources */ = {isa = PBXBuildFile; fileRef = D9EC0C3C272E1F730042FD98 /* Main.storyboard */; };
		D9EC0C40272E1F760042FD98 /* Assets.xcassets in Resources */ = {isa = PBXBuildFile; fileRef = D9EC0C3F272E1F760042FD98 /* Assets.xcassets */; };
		D9EC0C43272E1F760042FD98 /* LaunchScreen.storyboard in Resources */ = {isa = PBXBuildFile; fileRef = D9EC0C41272E1F760042FD98 /* LaunchScreen.storyboard */; };
		D9EC0C4E272E1F760042FD98 /* TableViewAppTests.swift in Sources */ = {isa = PBXBuildFile; fileRef = D9EC0C4D272E1F760042FD98 /* TableViewAppTests.swift */; };
		D9EC0C58272E1F760042FD98 /* TableViewAppUITests.swift in Sources */ = {isa = PBXBuildFile; fileRef = D9EC0C57272E1F760042FD98 /* TableViewAppUITests.swift */; };
		D9EC0C5A272E1F760042FD98 /* TableViewAppUITestsLaunchTests.swift in Sources */ = {isa = PBXBuildFile; fileRef = D9EC0C59272E1F760042FD98 /* TableViewAppUITestsLaunchTests.swift */; };
		D9EC0C67272E239C0042FD98 /* TableViewController.swift in Sources */ = {isa = PBXBuildFile; fileRef = D9EC0C66272E239C0042FD98 /* TableViewController.swift */; };
		D9EC0C69272E2F280042FD98 /* AddListViewController.swift in Sources */ = {isa = PBXBuildFile; fileRef = D9EC0C68272E2F280042FD98 /* AddListViewController.swift */; };
/* End PBXBuildFile section */

/* Begin PBXContainerItemProxy section */
		D9EC0C4A272E1F760042FD98 /* PBXContainerItemProxy */ = {
			isa = PBXContainerItemProxy;
			containerPortal = D9EC0C2B272E1F730042FD98 /* Project object */;
			proxyType = 1;
			remoteGlobalIDString = D9EC0C32272E1F730042FD98;
			remoteInfo = TableViewApp;
		};
		D9EC0C54272E1F760042FD98 /* PBXContainerItemProxy */ = {
			isa = PBXContainerItemProxy;
			containerPortal = D9EC0C2B272E1F730042FD98 /* Project object */;
			proxyType = 1;
			remoteGlobalIDString = D9EC0C32272E1F730042FD98;
			remoteInfo = TableViewApp;
		};
/* End PBXContainerItemProxy section */

/* Begin PBXFileReference section */
		D9EC0C33272E1F730042FD98 /* TableViewApp.app */ = {isa = PBXFileReference; explicitFileType = wrapper.application; includeInIndex = 0; path = TableViewApp.app; sourceTree = BUILT_PRODUCTS_DIR; };
		D9EC0C36272E1F730042FD98 /* AppDelegate.swift */ = {isa = PBXFileReference; lastKnownFileType = sourcecode.swift; path = AppDelegate.swift; sourceTree = "<group>"; };
		D9EC0C38272E1F730042FD98 /* SceneDelegate.swift */ = {isa = PBXFileReference; lastKnownFileType = sourcecode.swift; path = SceneDelegate.swift; sourceTree = "<group>"; };
		D9EC0C3A272E1F730042FD98 /* ViewController.swift */ = {isa = PBXFileReference; lastKnownFileType = sourcecode.swift; path = ViewController.swift; sourceTree = "<group>"; };
		D9EC0C3D272E1F730042FD98 /* Base */ = {isa = PBXFileReference; lastKnownFileType = file.storyboard; name = Base; path = Base.lproj/Main.storyboard; sourceTree = "<group>"; };
		D9EC0C3F272E1F760042FD98 /* Assets.xcassets */ = {isa = PBXFileReference; lastKnownFileType = folder.assetcatalog; path = Assets.xcassets; sourceTree = "<group>"; };
		D9EC0C42272E1F760042FD98 /* Base */ = {isa = PBXFileReference; lastKnownFileType = file.storyboard; name = Base; path = Base.lproj/LaunchScreen.storyboard; sourceTree = "<group>"; };
		D9EC0C44272E1F760042FD98 /* Info.plist */ = {isa = PBXFileReference; lastKnownFileType = text.plist.xml; path = Info.plist; sourceTree = "<group>"; };
		D9EC0C49272E1F760042FD98 /* TableViewAppTests.xctest */ = {isa = PBXFileReference; explicitFileType = wrapper.cfbundle; includeInIndex = 0; path = TableViewAppTests.xctest; sourceTree = BUILT_PRODUCTS_DIR; };
		D9EC0C4D272E1F760042FD98 /* TableViewAppTests.swift */ = {isa = PBXFileReference; lastKnownFileType = sourcecode.swift; path = TableViewAppTests.swift; sourceTree = "<group>"; };
		D9EC0C53272E1F760042FD98 /* TableViewAppUITests.xctest */ = {isa = PBXFileReference; explicitFileType = wrapper.cfbundle; includeInIndex = 0; path = TableViewAppUITests.xctest; sourceTree = BUILT_PRODUCTS_DIR; };
		D9EC0C57272E1F760042FD98 /* TableViewAppUITests.swift */ = {isa = PBXFileReference; lastKnownFileType = sourcecode.swift; path = TableViewAppUITests.swift; sourceTree = "<group>"; };
		D9EC0C59272E1F760042FD98 /* TableViewAppUITestsLaunchTests.swift */ = {isa = PBXFileReference; lastKnownFileType = sourcecode.swift; path = TableViewAppUITestsLaunchTests.swift; sourceTree = "<group>"; };
		D9EC0C66272E239C0042FD98 /* TableViewController.swift */ = {isa = PBXFileReference; lastKnownFileType = sourcecode.swift; path = TableViewController.swift; sourceTree = "<group>"; };
		D9EC0C68272E2F280042FD98 /* AddListViewController.swift */ = {isa = PBXFileReference; lastKnownFileType = sourcecode.swift; path = AddListViewController.swift; sourceTree = "<group>"; };
/* End PBXFileReference section */

/* Begin PBXFrameworksBuildPhase section */
		D9EC0C30272E1F730042FD98 /* Frameworks */ = {
			isa = PBXFrameworksBuildPhase;
			buildActionMask = 2147483647;
			files = (
			);
			runOnlyForDeploymentPostprocessing = 0;
		};
		D9EC0C46272E1F760042FD98 /* Frameworks */ = {
			isa = PBXFrameworksBuildPhase;
			buildActionMask = 2147483647;
			files = (
			);
			runOnlyForDeploymentPostprocessing = 0;
		};
		D9EC0C50272E1F760042FD98 /* Frameworks */ = {
			isa = PBXFrameworksBuildPhase;
			buildActionMask = 2147483647;
			files = (
			);
			runOnlyForDeploymentPostprocessing = 0;
		};
/* End PBXFrameworksBuildPhase section */

/* Begin PBXGroup section */
		D9EC0C2A272E1F730042FD98 = {
			isa = PBXGroup;
			children = (
				D9EC0C35272E1F730042FD98 /* TableViewApp */,
				D9EC0C4C272E1F760042FD98 /* TableViewAppTests */,
				D9EC0C56272E1F760042FD98 /* TableViewAppUITests */,
				D9EC0C34272E1F730042FD98 /* Products */,
			);
			sourceTree = "<group>";
		};
		D9EC0C34272E1F730042FD98 /* Products */ = {
			isa = PBXGroup;
			children = (
				D9EC0C33272E1F730042FD98 /* TableViewApp.app */,
				D9EC0C49272E1F760042FD98 /* TableViewAppTests.xctest */,
				D9EC0C53272E1F760042FD98 /* TableViewAppUITests.xctest */,
			);
			name = Products;
			sourceTree = "<group>";
		};
		D9EC0C35272E1F730042FD98 /* TableViewApp */ = {
			isa = PBXGroup;
			children = (
				D9EC0C36272E1F730042FD98 /* AppDelegate.swift */,
				D9EC0C38272E1F730042FD98 /* SceneDelegate.swift */,
				D9EC0C66272E239C0042FD98 /* TableViewController.swift */,
				D9EC0C3A272E1F730042FD98 /* ViewController.swift */,
				D9EC0C3C272E1F730042FD98 /* Main.storyboard */,
				D9EC0C3F272E1F760042FD98 /* Assets.xcassets */,
				D9EC0C41272E1F760042FD98 /* LaunchScreen.storyboard */,
				D9EC0C44272E1F760042FD98 /* Info.plist */,
				D9EC0C68272E2F280042FD98 /* AddListViewController.swift */,
			);
			path = TableViewApp;
			sourceTree = "<group>";
		};
		D9EC0C4C272E1F760042FD98 /* TableViewAppTests */ = {
			isa = PBXGroup;
			children = (
				D9EC0C4D272E1F760042FD98 /* TableViewAppTests.swift */,
			);
			path = TableViewAppTests;
			sourceTree = "<group>";
		};
		D9EC0C56272E1F760042FD98 /* TableViewAppUITests */ = {
			isa = PBXGroup;
			children = (
				D9EC0C57272E1F760042FD98 /* TableViewAppUITests.swift */,
				D9EC0C59272E1F760042FD98 /* TableViewAppUITestsLaunchTests.swift */,
			);
			path = TableViewAppUITests;
			sourceTree = "<group>";
		};
/* End PBXGroup section */

/* Begin PBXNativeTarget section */
		D9EC0C32272E1F730042FD98 /* TableViewApp */ = {
			isa = PBXNativeTarget;
			buildConfigurationList = D9EC0C5D272E1F760042FD98 /* Build configuration list for PBXNativeTarget "TableViewApp" */;
			buildPhases = (
				D9EC0C2F272E1F730042FD98 /* Sources */,
				D9EC0C30272E1F730042FD98 /* Frameworks */,
				D9EC0C31272E1F730042FD98 /* Resources */,
			);
			buildRules = (
			);
			dependencies = (
			);
			name = TableViewApp;
			productName = TableViewApp;
			productReference = D9EC0C33272E1F730042FD98 /* TableViewApp.app */;
			productType = "com.apple.product-type.application";
		};
		D9EC0C48272E1F760042FD98 /* TableViewAppTests */ = {
			isa = PBXNativeTarget;
			buildConfigurationList = D9EC0C60272E1F760042FD98 /* Build configuration list for PBXNativeTarget "TableViewAppTests" */;
			buildPhases = (
				D9EC0C45272E1F760042FD98 /* Sources */,
				D9EC0C46272E1F760042FD98 /* Frameworks */,
				D9EC0C47272E1F760042FD98 /* Resources */,
			);
			buildRules = (
			);
			dependencies = (
				D9EC0C4B272E1F760042FD98 /* PBXTargetDependency */,
			);
			name = TableViewAppTests;
			productName = TableViewAppTests;
			productReference = D9EC0C49272E1F760042FD98 /* TableViewAppTests.xctest */;
			productType = "com.apple.product-type.bundle.unit-test";
		};
		D9EC0C52272E1F760042FD98 /* TableViewAppUITests */ = {
			isa = PBXNativeTarget;
			buildConfigurationList = D9EC0C63272E1F760042FD98 /* Build configuration list for PBXNativeTarget "TableViewAppUITests" */;
			buildPhases = (
				D9EC0C4F272E1F760042FD98 /* Sources */,
				D9EC0C50272E1F760042FD98 /* Frameworks */,
				D9EC0C51272E1F760042FD98 /* Resources */,
			);
			buildRules = (
			);
			dependencies = (
				D9EC0C55272E1F760042FD98 /* PBXTargetDependency */,
			);
			name = TableViewAppUITests;
			productName = TableViewAppUITests;
			productReference = D9EC0C53272E1F760042FD98 /* TableViewAppUITests.xctest */;
			productType = "com.apple.product-type.bundle.ui-testing";
		};
/* End PBXNativeTarget section */

/* Begin PBXProject section */
		D9EC0C2B272E1F730042FD98 /* Project object */ = {
			isa = PBXProject;
			attributes = {
				BuildIndependentTargetsInParallel = 1;
				LastSwiftUpdateCheck = 1310;
				LastUpgradeCheck = 1310;
				TargetAttributes = {
					D9EC0C32272E1F730042FD98 = {
						CreatedOnToolsVersion = 13.1;
					};
					D9EC0C48272E1F760042FD98 = {
						CreatedOnToolsVersion = 13.1;
						TestTargetID = D9EC0C32272E1F730042FD98;
					};
					D9EC0C52272E1F760042FD98 = {
						CreatedOnToolsVersion = 13.1;
						TestTargetID = D9EC0C32272E1F730042FD98;
					};
				};
			};
			buildConfigurationList = D9EC0C2E272E1F730042FD98 /* Build configuration list for PBXProject "TableViewApp" */;
			compatibilityVersion = "Xcode 13.0";
			developmentRegion = en;
			hasScannedForEncodings = 0;
			knownRegions = (
				en,
				Base,
			);
			mainGroup = D9EC0C2A272E1F730042FD98;
			productRefGroup = D9EC0C34272E1F730042FD98 /* Products */;
			projectDirPath = "";
			projectRoot = "";
			targets = (
				D9EC0C32272E1F730042FD98 /* TableViewApp */,
				D9EC0C48272E1F760042FD98 /* TableViewAppTests */,
				D9EC0C52272E1F760042FD98 /* TableViewAppUITests */,
			);
		};
/* End PBXProject section */

/* Begin PBXResourcesBuildPhase section */
		D9EC0C31272E1F730042FD98 /* Resources */ = {
			isa = PBXResourcesBuildPhase;
			buildActionMask = 2147483647;
			files = (
				D9EC0C43272E1F760042FD98 /* LaunchScreen.storyboard in Resources */,
				D9EC0C40272E1F760042FD98 /* Assets.xcassets in Resources */,
				D9EC0C3E272E1F730042FD98 /* Main.storyboard in Resources */,
			);
			runOnlyForDeploymentPostprocessing = 0;
		};
		D9EC0C47272E1F760042FD98 /* Resources */ = {
			isa = PBXResourcesBuildPhase;
			buildActionMask = 2147483647;
			files = (
			);
			runOnlyForDeploymentPostprocessing = 0;
		};
		D9EC0C51272E1F760042FD98 /* Resources */ = {
			isa = PBXResourcesBuildPhase;
			buildActionMask = 2147483647;
			files = (
			);
			runOnlyForDeploymentPostprocessing = 0;
		};
/* End PBXResourcesBuildPhase section */

/* Begin PBXSourcesBuildPhase section */
		D9EC0C2F272E1F730042FD98 /* Sources */ = {
			isa = PBXSourcesBuildPhase;
			buildActionMask = 2147483647;
			files = (
				D9EC0C3B272E1F730042FD98 /* ViewController.swift in Sources */,
				D9EC0C69272E2F280042FD98 /* AddListViewController.swift in Sources */,
				D9EC0C37272E1F730042FD98 /* AppDelegate.swift in Sources */,
				D9EC0C39272E1F730042FD98 /* SceneDelegate.swift in Sources */,
				D9EC0C67272E239C0042FD98 /* TableViewController.swift in Sources */,
			);
			runOnlyForDeploymentPostprocessing = 0;
		};
		D9EC0C45272E1F760042FD98 /* Sources */ = {
			isa = PBXSourcesBuildPhase;
			buildActionMask = 2147483647;
			files = (
				D9EC0C4E272E1F760042FD98 /* TableViewAppTests.swift in Sources */,
			);
			runOnlyForDeploymentPostprocessing = 0;
		};
		D9EC0C4F272E1F760042FD98 /* Sources */ = {
			isa = PBXSourcesBuildPhase;
			buildActionMask = 2147483647;
			files = (
				D9EC0C5A272E1F760042FD98 /* TableViewAppUITestsLaunchTests.swift in Sources */,
				D9EC0C58272E1F760042FD98 /* TableViewAppUITests.swift in Sources */,
			);
			runOnlyForDeploymentPostprocessing = 0;
		};
/* End PBXSourcesBuildPhase section */

/* Begin PBXTargetDependency section */
		D9EC0C4B272E1F760042FD98 /* PBXTargetDependency */ = {
			isa = PBXTargetDependency;
			target = D9EC0C32272E1F730042FD98 /* TableViewApp */;
			targetProxy = D9EC0C4A272E1F760042FD98 /* PBXContainerItemProxy */;
		};
		D9EC0C55272E1F760042FD98 /* PBXTargetDependency */ = {
			isa = PBXTargetDependency;
			target = D9EC0C32272E1F730042FD98 /* TableViewApp */;
			targetProxy = D9EC0C54272E1F760042FD98 /* PBXContainerItemProxy */;
		};
/* End PBXTargetDependency section */

/* Begin PBXVariantGroup section */
		D9EC0C3C272E1F730042FD98 /* Main.storyboard */ = {
			isa = PBXVariantGroup;
			children = (
				D9EC0C3D272E1F730042FD98 /* Base */,
			);
			name = Main.storyboard;
			sourceTree = "<group>";
		};
		D9EC0C41272E1F760042FD98 /* LaunchScreen.storyboard */ = {
			isa = PBXVariantGroup;
			children = (
				D9EC0C42272E1F760042FD98 /* Base */,
			);
			name = LaunchScreen.storyboard;
			sourceTree = "<group>";
		};
/* End PBXVariantGroup section */

/* Begin XCBuildConfiguration section */
		D9EC0C5B272E1F760042FD98 /* Debug */ = {
			isa = XCBuildConfiguration;
			buildSettings = {
				ALWAYS_SEARCH_USER_PATHS = NO;
				CLANG_ANALYZER_NONNULL = YES;
				CLANG_ANALYZER_NUMBER_OBJECT_CONVERSION = YES_AGGRESSIVE;
				CLANG_CXX_LANGUAGE_STANDARD = "gnu++17";
				CLANG_CXX_LIBRARY = "libc++";
				CLANG_ENABLE_MODULES = YES;
				CLANG_ENABLE_OBJC_ARC = YES;
				CLANG_ENABLE_OBJC_WEAK = YES;
				CLANG_WARN_BLOCK_CAPTURE_AUTORELEASING = YES;
				CLANG_WARN_BOOL_CONVERSION = YES;
				CLANG_WARN_COMMA = YES;
				CLANG_WARN_CONSTANT_CONVERSION = YES;
				CLANG_WARN_DEPRECATED_OBJC_IMPLEMENTATIONS = YES;
				CLANG_WARN_DIRECT_OBJC_ISA_USAGE = YES_ERROR;
				CLANG_WARN_DOCUMENTATION_COMMENTS = YES;
				CLANG_WARN_EMPTY_BODY = YES;
				CLANG_WARN_ENUM_CONVERSION = YES;
				CLANG_WARN_INFINITE_RECURSION = YES;
				CLANG_WARN_INT_CONVERSION = YES;
				CLANG_WARN_NON_LITERAL_NULL_CONVERSION = YES;
				CLANG_WARN_OBJC_IMPLICIT_RETAIN_SELF = YES;
				CLANG_WARN_OBJC_LITERAL_CONVERSION = YES;
				CLANG_WARN_OBJC_ROOT_CLASS = YES_ERROR;
				CLANG_WARN_QUOTED_INCLUDE_IN_FRAMEWORK_HEADER = YES;
				CLANG_WARN_RANGE_LOOP_ANALYSIS = YES;
				CLANG_WARN_STRICT_PROTOTYPES = YES;
				CLANG_WARN_SUSPICIOUS_MOVE = YES;
				CLANG_WARN_UNGUARDED_AVAILABILITY = YES_AGGRESSIVE;
				CLANG_WARN_UNREACHABLE_CODE = YES;
				CLANG_WARN__DUPLICATE_METHOD_MATCH = YES;
				COPY_PHASE_STRIP = NO;
				DEBUG_INFORMATION_FORMAT = dwarf;
				ENABLE_STRICT_OBJC_MSGSEND = YES;
				ENABLE_TESTABILITY = YES;
				GCC_C_LANGUAGE_STANDARD = gnu11;
				GCC_DYNAMIC_NO_PIC = NO;
				GCC_NO_COMMON_BLOCKS = YES;
				GCC_OPTIMIZATION_LEVEL = 0;
				GCC_PREPROCESSOR_DEFINITIONS = (
					"DEBUG=1",
					"$(inherited)",
				);
				GCC_WARN_64_TO_32_BIT_CONVERSION = YES;
				GCC_WARN_ABOUT_RETURN_TYPE = YES_ERROR;
				GCC_WARN_UNDECLARED_SELECTOR = YES;
				GCC_WARN_UNINITIALIZED_AUTOS = YES_AGGRESSIVE;
				GCC_WARN_UNUSED_FUNCTION = YES;
				GCC_WARN_UNUSED_VARIABLE = YES;
				IPHONEOS_DEPLOYMENT_TARGET = 15.0;
				MTL_ENABLE_DEBUG_INFO = INCLUDE_SOURCE;
				MTL_FAST_MATH = YES;
				ONLY_ACTIVE_ARCH = YES;
				SDKROOT = iphoneos;
				SWIFT_ACTIVE_COMPILATION_CONDITIONS = DEBUG;
				SWIFT_OPTIMIZATION_LEVEL = "-Onone";
			};
			name = Debug;
		};
		D9EC0C5C272E1F760042FD98 /* Release */ = {
			isa = XCBuildConfiguration;
			buildSettings = {
				ALWAYS_SEARCH_USER_PATHS = NO;
				CLANG_ANALYZER_NONNULL = YES;
				CLANG_ANALYZER_NUMBER_OBJECT_CONVERSION = YES_AGGRESSIVE;
				CLANG_CXX_LANGUAGE_STANDARD = "gnu++17";
				CLANG_CXX_LIBRARY = "libc++";
				CLANG_ENABLE_MODULES = YES;
				CLANG_ENABLE_OBJC_ARC = YES;
				CLANG_ENABLE_OBJC_WEAK = YES;
				CLANG_WARN_BLOCK_CAPTURE_AUTORELEASING = YES;
				CLANG_WARN_BOOL_CONVERSION = YES;
				CLANG_WARN_COMMA = YES;
				CLANG_WARN_CONSTANT_CONVERSION = YES;
				CLANG_WARN_DEPRECATED_OBJC_IMPLEMENTATIONS = YES;
				CLANG_WARN_DIRECT_OBJC_ISA_USAGE = YES_ERROR;
				CLANG_WARN_DOCUMENTATION_COMMENTS = YES;
				CLANG_WARN_EMPTY_BODY = YES;
				CLANG_WARN_ENUM_CONVERSION = YES;
				CLANG_WARN_INFINITE_RECURSION = YES;
				CLANG_WARN_INT_CONVERSION = YES;
				CLANG_WARN_NON_LITERAL_NULL_CONVERSION = YES;
				CLANG_WARN_OBJC_IMPLICIT_RETAIN_SELF = YES;
				CLANG_WARN_OBJC_LITERAL_CONVERSION = YES;
				CLANG_WARN_OBJC_ROOT_CLASS = YES_ERROR;
				CLANG_WARN_QUOTED_INCLUDE_IN_FRAMEWORK_HEADER = YES;
				CLANG_WARN_RANGE_LOOP_ANALYSIS = YES;
				CLANG_WARN_STRICT_PROTOTYPES = YES;
				CLANG_WARN_SUSPICIOUS_MOVE = YES;
				CLANG_WARN_UNGUARDED_AVAILABILITY = YES_AGGRESSIVE;
				CLANG_WARN_UNREACHABLE_CODE = YES;
				CLANG_WARN__DUPLICATE_METHOD_MATCH = YES;
				COPY_PHASE_STRIP = NO;
				DEBUG_INFORMATION_FORMAT = "dwarf-with-dsym";
				ENABLE_NS_ASSERTIONS = NO;
				ENABLE_STRICT_OBJC_MSGSEND = YES;
				GCC_C_LANGUAGE_STANDARD = gnu11;
				GCC_NO_COMMON_BLOCKS = YES;
				GCC_WARN_64_TO_32_BIT_CONVERSION = YES;
				GCC_WARN_ABOUT_RETURN_TYPE = YES_ERROR;
				GCC_WARN_UNDECLARED_SELECTOR = YES;
				GCC_WARN_UNINITIALIZED_AUTOS = YES_AGGRESSIVE;
				GCC_WARN_UNUSED_FUNCTION = YES;
				GCC_WARN_UNUSED_VARIABLE = YES;
				IPHONEOS_DEPLOYMENT_TARGET = 15.0;
				MTL_ENABLE_DEBUG_INFO = NO;
				MTL_FAST_MATH = YES;
				SDKROOT = iphoneos;
				SWIFT_COMPILATION_MODE = wholemodule;
				SWIFT_OPTIMIZATION_LEVEL = "-O";
				VALIDATE_PRODUCT = YES;
			};
			name = Release;
		};
		D9EC0C5E272E1F760042FD98 /* Debug */ = {
			isa = XCBuildConfiguration;
			buildSettings = {
				ASSETCATALOG_COMPILER_APPICON_NAME = AppIcon;
				ASSETCATALOG_COMPILER_GLOBAL_ACCENT_COLOR_NAME = AccentColor;
				CODE_SIGN_STYLE = Automatic;
				CURRENT_PROJECT_VERSION = 1;
				GENERATE_INFOPLIST_FILE = YES;
				INFOPLIST_FILE = TableViewApp/Info.plist;
				INFOPLIST_KEY_UIApplicationSupportsIndirectInputEvents = YES;
				INFOPLIST_KEY_UILaunchStoryboardName = LaunchScreen;
				INFOPLIST_KEY_UIMainStoryboardFile = Main;
				INFOPLIST_KEY_UISupportedInterfaceOrientations_iPad = "UIInterfaceOrientationPortrait UIInterfaceOrientationPortraitUpsideDown UIInterfaceOrientationLandscapeLeft UIInterfaceOrientationLandscapeRight";
				INFOPLIST_KEY_UISupportedInterfaceOrientations_iPhone = "UIInterfaceOrientationPortrait UIInterfaceOrientationLandscapeLeft UIInterfaceOrientationLandscapeRight";
				LD_RUNPATH_SEARCH_PATHS = (
					"$(inherited)",
					"@executable_path/Frameworks",
				);
				MARKETING_VERSION = 1.0;
				PRODUCT_BUNDLE_IDENTIFIER = com.yasu.TableViewApp;
				PRODUCT_NAME = "$(TARGET_NAME)";
				SWIFT_EMIT_LOC_STRINGS = YES;
				SWIFT_VERSION = 5.0;
				TARGETED_DEVICE_FAMILY = "1,2";
			};
			name = Debug;
		};
		D9EC0C5F272E1F760042FD98 /* Release */ = {
			isa = XCBuildConfiguration;
			buildSettings = {
				ASSETCATALOG_COMPILER_APPICON_NAME = AppIcon;
				ASSETCATALOG_COMPILER_GLOBAL_ACCENT_COLOR_NAME = AccentColor;
				CODE_SIGN_STYLE = Automatic;
				CURRENT_PROJECT_VERSION = 1;
				GENERATE_INFOPLIST_FILE = YES;
				INFOPLIST_FILE = TableViewApp/Info.plist;
				INFOPLIST_KEY_UIApplicationSupportsIndirectInputEvents = YES;
				INFOPLIST_KEY_UILaunchStoryboardName = LaunchScreen;
				INFOPLIST_KEY_UIMainStoryboardFile = Main;
				INFOPLIST_KEY_UISupportedInterfaceOrientations_iPad = "UIInterfaceOrientationPortrait UIInterfaceOrientationPortraitUpsideDown UIInterfaceOrientationLandscapeLeft UIInterfaceOrientationLandscapeRight";
				INFOPLIST_KEY_UISupportedInterfaceOrientations_iPhone = "UIInterfaceOrientationPortrait UIInterfaceOrientationLandscapeLeft UIInterfaceOrientationLandscapeRight";
				LD_RUNPATH_SEARCH_PATHS = (
					"$(inherited)",
					"@executable_path/Frameworks",
				);
				MARKETING_VERSION = 1.0;
				PRODUCT_BUNDLE_IDENTIFIER = com.yasu.TableViewApp;
				PRODUCT_NAME = "$(TARGET_NAME)";
				SWIFT_EMIT_LOC_STRINGS = YES;
				SWIFT_VERSION = 5.0;
				TARGETED_DEVICE_FAMILY = "1,2";
			};
			name = Release;
		};
		D9EC0C61272E1F760042FD98 /* Debug */ = {
			isa = XCBuildConfiguration;
			buildSettings = {
				ALWAYS_EMBED_SWIFT_STANDARD_LIBRARIES = YES;
				BUNDLE_LOADER = "$(TEST_HOST)";
				CODE_SIGN_STYLE = Automatic;
				CURRENT_PROJECT_VERSION = 1;
				GENERATE_INFOPLIST_FILE = YES;
				IPHONEOS_DEPLOYMENT_TARGET = 15.0;
				LD_RUNPATH_SEARCH_PATHS = (
					"$(inherited)",
					"@executable_path/Frameworks",
					"@loader_path/Frameworks",
				);
				MARKETING_VERSION = 1.0;
				PRODUCT_BUNDLE_IDENTIFIER = com.yasu.TableViewAppTests;
				PRODUCT_NAME = "$(TARGET_NAME)";
				SWIFT_EMIT_LOC_STRINGS = NO;
				SWIFT_VERSION = 5.0;
				TARGETED_DEVICE_FAMILY = "1,2";
				TEST_HOST = "$(BUILT_PRODUCTS_DIR)/TableViewApp.app/TableViewApp";
			};
			name = Debug;
		};
		D9EC0C62272E1F760042FD98 /* Release */ = {
			isa = XCBuildConfiguration;
			buildSettings = {
				ALWAYS_EMBED_SWIFT_STANDARD_LIBRARIES = YES;
				BUNDLE_LOADER = "$(TEST_HOST)";
				CODE_SIGN_STYLE = Automatic;
				CURRENT_PROJECT_VERSION = 1;
				GENERATE_INFOPLIST_FILE = YES;
				IPHONEOS_DEPLOYMENT_TARGET = 15.0;
				LD_RUNPATH_SEARCH_PATHS = (
					"$(inherited)",
					"@executable_path/Frameworks",
					"@loader_path/Frameworks",
				);
				MARKETING_VERSION = 1.0;
				PRODUCT_BUNDLE_IDENTIFIER = com.yasu.TableViewAppTests;
				PRODUCT_NAME = "$(TARGET_NAME)";
				SWIFT_EMIT_LOC_STRINGS = NO;
				SWIFT_VERSION = 5.0;
				TARGETED_DEVICE_FAMILY = "1,2";
				TEST_HOST = "$(BUILT_PRODUCTS_DIR)/TableViewApp.app/TableViewApp";
			};
			name = Release;
		};
		D9EC0C64272E1F760042FD98 /* Debug */ = {
			isa = XCBuildConfiguration;
			buildSettings = {
				ALWAYS_EMBED_SWIFT_STANDARD_LIBRARIES = YES;
				CODE_SIGN_STYLE = Automatic;
				CURRENT_PROJECT_VERSION = 1;
				GENERATE_INFOPLIST_FILE = YES;
				LD_RUNPATH_SEARCH_PATHS = (
					"$(inherited)",
					"@executable_path/Frameworks",
					"@loader_path/Frameworks",
				);
				MARKETING_VERSION = 1.0;
				PRODUCT_BUNDLE_IDENTIFIER = com.yasu.TableViewAppUITests;
				PRODUCT_NAME = "$(TARGET_NAME)";
				SWIFT_EMIT_LOC_STRINGS = NO;
				SWIFT_VERSION = 5.0;
				TARGETED_DEVICE_FAMILY = "1,2";
				TEST_TARGET_NAME = TableViewApp;
			};
			name = Debug;
		};
		D9EC0C65272E1F760042FD98 /* Release */ = {
			isa = XCBuildConfiguration;
			buildSettings = {
				ALWAYS_EMBED_SWIFT_STANDARD_LIBRARIES = YES;
				CODE_SIGN_STYLE = Automatic;
				CURRENT_PROJECT_VERSION = 1;
				GENERATE_INFOPLIST_FILE = YES;
				LD_RUNPATH_SEARCH_PATHS = (
					"$(inherited)",
					"@executable_path/Frameworks",
					"@loader_path/Frameworks",
				);
				MARKETING_VERSION = 1.0;
				PRODUCT_BUNDLE_IDENTIFIER = com.yasu.TableViewAppUITests;
				PRODUCT_NAME = "$(TARGET_NAME)";
				SWIFT_EMIT_LOC_STRINGS = NO;
				SWIFT_VERSION = 5.0;
				TARGETED_DEVICE_FAMILY = "1,2";
				TEST_TARGET_NAME = TableViewApp;
			};
			name = Release;
		};
/* End XCBuildConfiguration section */

/* Begin XCConfigurationList section */
		D9EC0C2E272E1F730042FD98 /* Build configuration list for PBXProject "TableViewApp" */ = {
			isa = XCConfigurationList;
			buildConfigurations = (
				D9EC0C5B272E1F760042FD98 /* Debug */,
				D9EC0C5C272E1F760042FD98 /* Release */,
			);
			defaultConfigurationIsVisible = 0;
			defaultConfigurationName = Release;
		};
		D9EC0C5D272E1F760042FD98 /* Build configuration list for PBXNativeTarget "TableViewApp" */ = {
			isa = XCConfigurationList;
			buildConfigurations = (
				D9EC0C5E272E1F760042FD98 /* Debug */,
				D9EC0C5F272E1F760042FD98 /* Release */,
			);
			defaultConfigurationIsVisible = 0;
			defaultConfigurationName = Release;
		};
		D9EC0C60272E1F760042FD98 /* Build configuration list for PBXNativeTarget "TableViewAppTests" */ = {
			isa = XCConfigurationList;
			buildConfigurations = (
				D9EC0C61272E1F760042FD98 /* Debug */,
				D9EC0C62272E1F760042FD98 /* Release */,
			);
			defaultConfigurationIsVisible = 0;
			defaultConfigurationName = Release;
		};
		D9EC0C63272E1F760042FD98 /* Build configuration list for PBXNativeTarget "TableViewAppUITests" */ = {
			isa = XCConfigurationList;
			buildConfigurations = (
				D9EC0C64272E1F760042FD98 /* Debug */,
				D9EC0C65272E1F760042FD98 /* Release */,
			);
			defaultConfigurationIsVisible = 0;
			defaultConfigurationName = Release;
		};
/* End XCConfigurationList section */
	};
	rootObject = D9EC0C2B272E1F730042FD98 /* Project object */;
}
